
Microsoft Visual Studio Solution File, Format Version 12.00
# Visual Studio Version 17
VisualStudioVersion = 17.2.32526.322
MinimumVisualStudioVersion = 10.0.40219.1
Project("{9A19103F-16F7-4668-BE54-9A1E7A4F7556}") = "GFX_2_PpmFiles", "GFX_2_PpmFiles.csproj", "{01615DF2-2848-4887-82B5-F84F3B369DBA}"
EndProject
Global
	GlobalSection(SolutionConfigurationPlatforms) = preSolution
		Debug|Any CPU = Debug|Any CPU
		Release|Any CPU = Release|Any CPU
	EndGlobalSection
	GlobalSection(ProjectConfigurationPlatforms) = postSolution
		{01615DF2-2848-4887-82B5-F84F3B369DBA}.Debug|Any CPU.ActiveCfg = Debug|Any CPU
		{01615DF2-2848-4887-82B5-F84F3B369DBA}.Debug|Any CPU.Build.0 = Debug|Any CPU
		{01615DF2-2848-4887-82B5-F84F3B369DBA}.Release|Any CPU.ActiveCfg = Release|Any CPU
		{01615DF2-2848-4887-82B5-F84F3B369DBA}.Release|Any CPU.Build.0 = Release|Any CPU
	EndGlobalSection
	GlobalSection(SolutionProperties) = preSolution
		HideSolutionNode = FALSE
	EndGlobalSection
	GlobalSection(ExtensibilityGlobals) = postSolution
		SolutionGuid = {424452ED-E00C-4318-90C0-54C2B9F86BF7}
	EndGlobalSection
EndGlobal
